
Microsoft Visual Studio Solution File, Format Version 12.00
Project("{FAE04EC0-301F-11D3-BF4B-00C04F79EFBC}") = "MyMath", "MyMath\MyMath.csproj", "{E8B91AB3-D9C3-4AC4-ABE3-C2E5C7EF8B8D}"
EndProject
Global
	GlobalSection(SolutionConfigurationPlatforms) = preSolution
		Debug|Any CPU = Debug|Any CPU
		Release|Any CPU = Release|Any CPU
	EndGlobalSection
	GlobalSection(ProjectConfigurationPlatforms) = postSolution
		{E8B91AB3-D9C3-4AC4-ABE3-C2E5C7EF8B8D}.Debug|Any CPU.ActiveCfg = Debug|Any CPU
		{E8B91AB3-D9C3-4AC4-ABE3-C2E5C7EF8B8D}.Debug|Any CPU.Build.0 = Debug|Any CPU
		{E8B91AB3-D9C3-4AC4-ABE3-C2E5C7EF8B8D}.Release|Any CPU.ActiveCfg = Release|Any CPU
		{E8B91AB3-D9C3-4AC4-ABE3-C2E5C7EF8B8D}.Release|Any CPU.Build.0 = Release|Any CPU
	EndGlobalSection
EndGlobal
