
Microsoft Visual Studio Solution File, Format Version 12.00
Project("{FAE04EC0-301F-11D3-BF4B-00C04F79EFBC}") = "AgeChecker", "AgeChecker\AgeChecker.csproj", "{61457B56-56E7-4A1C-AB19-F213C3FBA2CE}"
EndProject
Global
	GlobalSection(SolutionConfigurationPlatforms) = preSolution
		Debug|Any CPU = Debug|Any CPU
		Release|Any CPU = Release|Any CPU
	EndGlobalSection
	GlobalSection(ProjectConfigurationPlatforms) = postSolution
		{61457B56-56E7-4A1C-AB19-F213C3FBA2CE}.Debug|Any CPU.ActiveCfg = Debug|Any CPU
		{61457B56-56E7-4A1C-AB19-F213C3FBA2CE}.Debug|Any CPU.Build.0 = Debug|Any CPU
		{61457B56-56E7-4A1C-AB19-F213C3FBA2CE}.Release|Any CPU.ActiveCfg = Release|Any CPU
		{61457B56-56E7-4A1C-AB19-F213C3FBA2CE}.Release|Any CPU.Build.0 = Release|Any CPU
	EndGlobalSection
EndGlobal
