
Microsoft Visual Studio Solution File, Format Version 12.00
Project("{FAE04EC0-301F-11D3-BF4B-00C04F79EFBC}") = "Weather", "Weather\Weather.csproj", "{D468EC3E-DDDE-43D2-B2F3-B51560537584}"
EndProject
Project("{FAE04EC0-301F-11D3-BF4B-00C04F79EFBC}") = "Weather2.0", "Weather2.0\Weather2.0.csproj", "{958D2678-D038-4CE3-8324-AB78A4F7CE1E}"
EndProject
Project("{FAE04EC0-301F-11D3-BF4B-00C04F79EFBC}") = "Tuples", "Tuples\Tuples.csproj", "{F8BB9528-2B93-4A13-8156-0C6BEC978740}"
EndProject
Global
	GlobalSection(SolutionConfigurationPlatforms) = preSolution
		Debug|Any CPU = Debug|Any CPU
		Release|Any CPU = Release|Any CPU
	EndGlobalSection
	GlobalSection(ProjectConfigurationPlatforms) = postSolution
		{D468EC3E-DDDE-43D2-B2F3-B51560537584}.Debug|Any CPU.ActiveCfg = Debug|Any CPU
		{D468EC3E-DDDE-43D2-B2F3-B51560537584}.Debug|Any CPU.Build.0 = Debug|Any CPU
		{D468EC3E-DDDE-43D2-B2F3-B51560537584}.Release|Any CPU.ActiveCfg = Release|Any CPU
		{D468EC3E-DDDE-43D2-B2F3-B51560537584}.Release|Any CPU.Build.0 = Release|Any CPU
		{958D2678-D038-4CE3-8324-AB78A4F7CE1E}.Debug|Any CPU.ActiveCfg = Debug|Any CPU
		{958D2678-D038-4CE3-8324-AB78A4F7CE1E}.Debug|Any CPU.Build.0 = Debug|Any CPU
		{958D2678-D038-4CE3-8324-AB78A4F7CE1E}.Release|Any CPU.ActiveCfg = Release|Any CPU
		{958D2678-D038-4CE3-8324-AB78A4F7CE1E}.Release|Any CPU.Build.0 = Release|Any CPU
		{F8BB9528-2B93-4A13-8156-0C6BEC978740}.Debug|Any CPU.ActiveCfg = Debug|Any CPU
		{F8BB9528-2B93-4A13-8156-0C6BEC978740}.Debug|Any CPU.Build.0 = Debug|Any CPU
		{F8BB9528-2B93-4A13-8156-0C6BEC978740}.Release|Any CPU.ActiveCfg = Release|Any CPU
		{F8BB9528-2B93-4A13-8156-0C6BEC978740}.Release|Any CPU.Build.0 = Release|Any CPU
	EndGlobalSection
EndGlobal
