
Microsoft Visual Studio Solution File, Format Version 12.00
Project("{FAE04EC0-301F-11D3-BF4B-00C04F79EFBC}") = "GradeAnalyzer", "GradeAnalyzer\GradeAnalyzer.csproj", "{D411FF2C-A66D-45DF-B445-1C9E3E0E6758}"
EndProject
Project("{FAE04EC0-301F-11D3-BF4B-00C04F79EFBC}") = "TestProject1", "TestProject1\TestProject1.csproj", "{510C80FA-B65A-4D2C-870F-DFC832C8E517}"
EndProject
Global
	GlobalSection(SolutionConfigurationPlatforms) = preSolution
		Debug|Any CPU = Debug|Any CPU
		Release|Any CPU = Release|Any CPU
	EndGlobalSection
	GlobalSection(ProjectConfigurationPlatforms) = postSolution
		{D411FF2C-A66D-45DF-B445-1C9E3E0E6758}.Debug|Any CPU.ActiveCfg = Debug|Any CPU
		{D411FF2C-A66D-45DF-B445-1C9E3E0E6758}.Debug|Any CPU.Build.0 = Debug|Any CPU
		{D411FF2C-A66D-45DF-B445-1C9E3E0E6758}.Release|Any CPU.ActiveCfg = Release|Any CPU
		{D411FF2C-A66D-45DF-B445-1C9E3E0E6758}.Release|Any CPU.Build.0 = Release|Any CPU
		{510C80FA-B65A-4D2C-870F-DFC832C8E517}.Debug|Any CPU.ActiveCfg = Debug|Any CPU
		{510C80FA-B65A-4D2C-870F-DFC832C8E517}.Debug|Any CPU.Build.0 = Debug|Any CPU
		{510C80FA-B65A-4D2C-870F-DFC832C8E517}.Release|Any CPU.ActiveCfg = Release|Any CPU
		{510C80FA-B65A-4D2C-870F-DFC832C8E517}.Release|Any CPU.Build.0 = Release|Any CPU
	EndGlobalSection
EndGlobal
