
Microsoft Visual Studio Solution File, Format Version 12.00
Project("{FAE04EC0-301F-11D3-BF4B-00C04F79EFBC}") = "ConsoleCalc", "ConsoleCalc\ConsoleCalc.csproj", "{7FAB41FF-34B6-4558-BA6C-B97FF56F78DD}"
EndProject
Global
	GlobalSection(SolutionConfigurationPlatforms) = preSolution
		Debug|Any CPU = Debug|Any CPU
		Release|Any CPU = Release|Any CPU
	EndGlobalSection
	GlobalSection(ProjectConfigurationPlatforms) = postSolution
		{7FAB41FF-34B6-4558-BA6C-B97FF56F78DD}.Debug|Any CPU.ActiveCfg = Debug|Any CPU
		{7FAB41FF-34B6-4558-BA6C-B97FF56F78DD}.Debug|Any CPU.Build.0 = Debug|Any CPU
		{7FAB41FF-34B6-4558-BA6C-B97FF56F78DD}.Release|Any CPU.ActiveCfg = Release|Any CPU
		{7FAB41FF-34B6-4558-BA6C-B97FF56F78DD}.Release|Any CPU.Build.0 = Release|Any CPU
	EndGlobalSection
EndGlobal
