
Microsoft Visual Studio Solution File, Format Version 12.00
Project("{FAE04EC0-301F-11D3-BF4B-00C04F79EFBC}") = "AbstractNotes", "AbstractNotes\AbstractNotes.csproj", "{BDCC6807-0FE5-4E9B-85EF-62832DF64334}"
EndProject
Project("{FAE04EC0-301F-11D3-BF4B-00C04F79EFBC}") = "BookExample", "BookExample\BookExample.csproj", "{37601582-89FC-47EE-92EA-DDB91FBF5323}"
EndProject
Global
	GlobalSection(SolutionConfigurationPlatforms) = preSolution
		Debug|Any CPU = Debug|Any CPU
		Release|Any CPU = Release|Any CPU
	EndGlobalSection
	GlobalSection(ProjectConfigurationPlatforms) = postSolution
		{BDCC6807-0FE5-4E9B-85EF-62832DF64334}.Debug|Any CPU.ActiveCfg = Debug|Any CPU
		{BDCC6807-0FE5-4E9B-85EF-62832DF64334}.Debug|Any CPU.Build.0 = Debug|Any CPU
		{BDCC6807-0FE5-4E9B-85EF-62832DF64334}.Release|Any CPU.ActiveCfg = Release|Any CPU
		{BDCC6807-0FE5-4E9B-85EF-62832DF64334}.Release|Any CPU.Build.0 = Release|Any CPU
		{37601582-89FC-47EE-92EA-DDB91FBF5323}.Debug|Any CPU.ActiveCfg = Debug|Any CPU
		{37601582-89FC-47EE-92EA-DDB91FBF5323}.Debug|Any CPU.Build.0 = Debug|Any CPU
		{37601582-89FC-47EE-92EA-DDB91FBF5323}.Release|Any CPU.ActiveCfg = Release|Any CPU
		{37601582-89FC-47EE-92EA-DDB91FBF5323}.Release|Any CPU.Build.0 = Release|Any CPU
	EndGlobalSection
EndGlobal
