
Microsoft Visual Studio Solution File, Format Version 12.00
Project("{FAE04EC0-301F-11D3-BF4B-00C04F79EFBC}") = "Pets", "Pets\Pets.csproj", "{3F6563B7-B3EB-4BEA-AD8F-4D1800881AE1}"
EndProject
Global
	GlobalSection(SolutionConfigurationPlatforms) = preSolution
		Debug|Any CPU = Debug|Any CPU
		Release|Any CPU = Release|Any CPU
	EndGlobalSection
	GlobalSection(ProjectConfigurationPlatforms) = postSolution
		{3F6563B7-B3EB-4BEA-AD8F-4D1800881AE1}.Debug|Any CPU.ActiveCfg = Debug|Any CPU
		{3F6563B7-B3EB-4BEA-AD8F-4D1800881AE1}.Debug|Any CPU.Build.0 = Debug|Any CPU
		{3F6563B7-B3EB-4BEA-AD8F-4D1800881AE1}.Release|Any CPU.ActiveCfg = Release|Any CPU
		{3F6563B7-B3EB-4BEA-AD8F-4D1800881AE1}.Release|Any CPU.Build.0 = Release|Any CPU
	EndGlobalSection
EndGlobal
